// !$*UTF8*$!
{
	archiveVersion = 1;
	classes = {
	};
	objectVersion = 55;
	objects = {

/* Begin PBXBuildFile section */
		6B89B03D291565400046F059 /* 05.usdz in Resources */ = {isa = PBXBuildFile; fileRef = 6B89B0352915653B0046F059 /* 05.usdz */; };
		6B89B03E291565400046F059 /* 02.usdz in Resources */ = {isa = PBXBuildFile; fileRef = 6B89B0362915653C0046F059 /* 02.usdz */; };
		6B89B040291565400046F059 /* 08.usdz in Resources */ = {isa = PBXBuildFile; fileRef = 6B89B0382915653D0046F059 /* 08.usdz */; };
		6B89B041291565400046F059 /* 07.usdz in Resources */ = {isa = PBXBuildFile; fileRef = 6B89B0392915653E0046F059 /* 07.usdz */; };
		6B89B042291565400046F059 /* 03.usdz in Resources */ = {isa = PBXBuildFile; fileRef = 6B89B03A2915653E0046F059 /* 03.usdz */; };
		6B89B043291565400046F059 /* 01.usdz in Resources */ = {isa = PBXBuildFile; fileRef = 6B89B03B2915653F0046F059 /* 01.usdz */; };
		6B89B0462915742A0046F059 /* 06.usdz in Resources */ = {isa = PBXBuildFile; fileRef = 6B89B0452915742A0046F059 /* 06.usdz */; };
		6B89B048291574E40046F059 /* 04.usdz in Resources */ = {isa = PBXBuildFile; fileRef = 6B89B047291574E40046F059 /* 04.usdz */; };
		6BEC66CC291527CF00C19248 /* AppDelegate.swift in Sources */ = {isa = PBXBuildFile; fileRef = 6BEC66CB291527CF00C19248 /* AppDelegate.swift */; };
		6BEC66CE291527CF00C19248 /* ViewController.swift in Sources */ = {isa = PBXBuildFile; fileRef = 6BEC66CD291527CF00C19248 /* ViewController.swift */; };
		6BEC66D3291527CF00C19248 /* Main.storyboard in Resources */ = {isa = PBXBuildFile; fileRef = 6BEC66D1291527CF00C19248 /* Main.storyboard */; };
		6BEC66D5291527D400C19248 /* Assets.xcassets in Resources */ = {isa = PBXBuildFile; fileRef = 6BEC66D4291527D400C19248 /* Assets.xcassets */; };
		6BEC66D8291527D400C19248 /* LaunchScreen.storyboard in Resources */ = {isa = PBXBuildFile; fileRef = 6BEC66D6291527D400C19248 /* LaunchScreen.storyboard */; };
/* End PBXBuildFile section */

/* Begin PBXFileReference section */
		6B89B0352915653B0046F059 /* 05.usdz */ = {isa = PBXFileReference; lastKnownFileType = file.usdz; path = 05.usdz; sourceTree = "<group>"; };
		6B89B0362915653C0046F059 /* 02.usdz */ = {isa = PBXFileReference; lastKnownFileType = file.usdz; path = 02.usdz; sourceTree = "<group>"; };
		6B89B0382915653D0046F059 /* 08.usdz */ = {isa = PBXFileReference; lastKnownFileType = file.usdz; path = 08.usdz; sourceTree = "<group>"; };
		6B89B0392915653E0046F059 /* 07.usdz */ = {isa = PBXFileReference; lastKnownFileType = file.usdz; path = 07.usdz; sourceTree = "<group>"; };
		6B89B03A2915653E0046F059 /* 03.usdz */ = {isa = PBXFileReference; lastKnownFileType = file.usdz; path = 03.usdz; sourceTree = "<group>"; };
		6B89B03B2915653F0046F059 /* 01.usdz */ = {isa = PBXFileReference; lastKnownFileType = file.usdz; path = 01.usdz; sourceTree = "<group>"; };
		6B89B0452915742A0046F059 /* 06.usdz */ = {isa = PBXFileReference; lastKnownFileType = file.usdz; path = 06.usdz; sourceTree = "<group>"; };
		6B89B047291574E40046F059 /* 04.usdz */ = {isa = PBXFileReference; lastKnownFileType = file.usdz; path = 04.usdz; sourceTree = "<group>"; };
		6BEC66C8291527CF00C19248 /* ARGame.app */ = {isa = PBXFileReference; explicitFileType = wrapper.application; includeInIndex = 0; path = ARGame.app; sourceTree = BUILT_PRODUCTS_DIR; };
		6BEC66CB291527CF00C19248 /* AppDelegate.swift */ = {isa = PBXFileReference; lastKnownFileType = sourcecode.swift; path = AppDelegate.swift; sourceTree = "<group>"; };
		6BEC66CD291527CF00C19248 /* ViewController.swift */ = {isa = PBXFileReference; lastKnownFileType = sourcecode.swift; path = ViewController.swift; sourceTree = "<group>"; };
		6BEC66D2291527CF00C19248 /* Base */ = {isa = PBXFileReference; lastKnownFileType = file.storyboard; name = Base; path = Base.lproj/Main.storyboard; sourceTree = "<group>"; };
		6BEC66D4291527D400C19248 /* Assets.xcassets */ = {isa = PBXFileReference; lastKnownFileType = folder.assetcatalog; path = Assets.xcassets; sourceTree = "<group>"; };
		6BEC66D7291527D400C19248 /* Base */ = {isa = PBXFileReference; lastKnownFileType = file.storyboard; name = Base; path = Base.lproj/LaunchScreen.storyboard; sourceTree = "<group>"; };
/* End PBXFileReference section */

/* Begin PBXFrameworksBuildPhase section */
		6BEC66C5291527CF00C19248 /* Frameworks */ = {
			isa = PBXFrameworksBuildPhase;
			buildActionMask = 2147483647;
			files = (
			);
			runOnlyForDeploymentPostprocessing = 0;
		};
/* End PBXFrameworksBuildPhase section */

/* Begin PBXGroup section */
		6BEC66BF291527CF00C19248 = {
			isa = PBXGroup;
			children = (
				6BEC66CA291527CF00C19248 /* ARGame */,
				6BEC66C9291527CF00C19248 /* Products */,
			);
			sourceTree = "<group>";
		};
		6BEC66C9291527CF00C19248 /* Products */ = {
			isa = PBXGroup;
			children = (
				6BEC66C8291527CF00C19248 /* ARGame.app */,
			);
			name = Products;
			sourceTree = "<group>";
		};
		6BEC66CA291527CF00C19248 /* ARGame */ = {
			isa = PBXGroup;
			children = (
				6BEC66CB291527CF00C19248 /* AppDelegate.swift */,
				6BEC66CD291527CF00C19248 /* ViewController.swift */,
				6BEC66D1291527CF00C19248 /* Main.storyboard */,
				6B89B03B2915653F0046F059 /* 01.usdz */,
				6B89B0362915653C0046F059 /* 02.usdz */,
				6B89B03A2915653E0046F059 /* 03.usdz */,
				6B89B047291574E40046F059 /* 04.usdz */,
				6B89B0352915653B0046F059 /* 05.usdz */,
				6B89B0452915742A0046F059 /* 06.usdz */,
				6B89B0392915653E0046F059 /* 07.usdz */,
				6B89B0382915653D0046F059 /* 08.usdz */,
				6BEC66D4291527D400C19248 /* Assets.xcassets */,
				6BEC66D6291527D400C19248 /* LaunchScreen.storyboard */,
			);
			path = ARGame;
			sourceTree = "<group>";
		};
/* End PBXGroup section */

/* Begin PBXNativeTarget section */
		6BEC66C7291527CF00C19248 /* ARGame */ = {
			isa = PBXNativeTarget;
			buildConfigurationList = 6BEC66DB291527D400C19248 /* Build configuration list for PBXNativeTarget "ARGame" */;
			buildPhases = (
				6BEC66C4291527CF00C19248 /* Sources */,
				6BEC66C5291527CF00C19248 /* Frameworks */,
				6BEC66C6291527CF00C19248 /* Resources */,
			);
			buildRules = (
			);
			dependencies = (
			);
			name = ARGame;
			productName = ARGame;
			productReference = 6BEC66C8291527CF00C19248 /* ARGame.app */;
			productType = "com.apple.product-type.application";
		};
/* End PBXNativeTarget section */

/* Begin PBXProject section */
		6BEC66C0291527CF00C19248 /* Project object */ = {
			isa = PBXProject;
			attributes = {
				BuildIndependentTargetsInParallel = 1;
				LastSwiftUpdateCheck = 1340;
				LastUpgradeCheck = 1340;
				TargetAttributes = {
					6BEC66C7291527CF00C19248 = {
						CreatedOnToolsVersion = 13.4.1;
					};
				};
			};
			buildConfigurationList = 6BEC66C3291527CF00C19248 /* Build configuration list for PBXProject "ARGame" */;
			compatibilityVersion = "Xcode 13.0";
			developmentRegion = en;
			hasScannedForEncodings = 0;
			knownRegions = (
				en,
				Base,
			);
			mainGroup = 6BEC66BF291527CF00C19248;
			productRefGroup = 6BEC66C9291527CF00C19248 /* Products */;
			projectDirPath = "";
			projectRoot = "";
			targets = (
				6BEC66C7291527CF00C19248 /* ARGame */,
			);
		};
/* End PBXProject section */

/* Begin PBXResourcesBuildPhase section */
		6BEC66C6291527CF00C19248 /* Resources */ = {
			isa = PBXResourcesBuildPhase;
			buildActionMask = 2147483647;
			files = (
				6B89B042291565400046F059 /* 03.usdz in Resources */,
				6B89B0462915742A0046F059 /* 06.usdz in Resources */,
				6B89B03D291565400046F059 /* 05.usdz in Resources */,
				6BEC66D8291527D400C19248 /* LaunchScreen.storyboard in Resources */,
				6B89B041291565400046F059 /* 07.usdz in Resources */,
				6BEC66D5291527D400C19248 /* Assets.xcassets in Resources */,
				6B89B043291565400046F059 /* 01.usdz in Resources */,
				6B89B048291574E40046F059 /* 04.usdz in Resources */,
				6B89B040291565400046F059 /* 08.usdz in Resources */,
				6BEC66D3291527CF00C19248 /* Main.storyboard in Resources */,
				6B89B03E291565400046F059 /* 02.usdz in Resources */,
			);
			runOnlyForDeploymentPostprocessing = 0;
		};
/* End PBXResourcesBuildPhase section */

/* Begin PBXSourcesBuildPhase section */
		6BEC66C4291527CF00C19248 /* Sources */ = {
			isa = PBXSourcesBuildPhase;
			buildActionMask = 2147483647;
			files = (
				6BEC66CE291527CF00C19248 /* ViewController.swift in Sources */,
				6BEC66CC291527CF00C19248 /* AppDelegate.swift in Sources */,
			);
			runOnlyForDeploymentPostprocessing = 0;
		};
/* End PBXSourcesBuildPhase section */

/* Begin PBXVariantGroup section */
		6BEC66D1291527CF00C19248 /* Main.storyboard */ = {
			isa = PBXVariantGroup;
			children = (
				6BEC66D2291527CF00C19248 /* Base */,
			);
			name = Main.storyboard;
			sourceTree = "<group>";
		};
		6BEC66D6291527D400C19248 /* LaunchScreen.storyboard */ = {
			isa = PBXVariantGroup;
			children = (
				6BEC66D7291527D400C19248 /* Base */,
			);
			name = LaunchScreen.storyboard;
			sourceTree = "<group>";
		};
/* End PBXVariantGroup section */

/* Begin XCBuildConfiguration section */
		6BEC66D9291527D400C19248 /* Debug */ = {
			isa = XCBuildConfiguration;
			buildSettings = {
				ALWAYS_SEARCH_USER_PATHS = NO;
				CLANG_ANALYZER_NONNULL = YES;
				CLANG_ANALYZER_NUMBER_OBJECT_CONVERSION = YES_AGGRESSIVE;
				CLANG_CXX_LANGUAGE_STANDARD = "gnu++17";
				CLANG_ENABLE_MODULES = YES;
				CLANG_ENABLE_OBJC_ARC = YES;
				CLANG_ENABLE_OBJC_WEAK = YES;
				CLANG_WARN_BLOCK_CAPTURE_AUTORELEASING = YES;
				CLANG_WARN_BOOL_CONVERSION = YES;
				CLANG_WARN_COMMA = YES;
				CLANG_WARN_CONSTANT_CONVERSION = YES;
				CLANG_WARN_DEPRECATED_OBJC_IMPLEMENTATIONS = YES;
				CLANG_WARN_DIRECT_OBJC_ISA_USAGE = YES_ERROR;
				CLANG_WARN_DOCUMENTATION_COMMENTS = YES;
				CLANG_WARN_EMPTY_BODY = YES;
				CLANG_WARN_ENUM_CONVERSION = YES;
				CLANG_WARN_INFINITE_RECURSION = YES;
				CLANG_WARN_INT_CONVERSION = YES;
				CLANG_WARN_NON_LITERAL_NULL_CONVERSION = YES;
				CLANG_WARN_OBJC_IMPLICIT_RETAIN_SELF = YES;
				CLANG_WARN_OBJC_LITERAL_CONVERSION = YES;
				CLANG_WARN_OBJC_ROOT_CLASS = YES_ERROR;
				CLANG_WARN_QUOTED_INCLUDE_IN_FRAMEWORK_HEADER = YES;
				CLANG_WARN_RANGE_LOOP_ANALYSIS = YES;
				CLANG_WARN_STRICT_PROTOTYPES = YES;
				CLANG_WARN_SUSPICIOUS_MOVE = YES;
				CLANG_WARN_UNGUARDED_AVAILABILITY = YES_AGGRESSIVE;
				CLANG_WARN_UNREACHABLE_CODE = YES;
				CLANG_WARN__DUPLICATE_METHOD_MATCH = YES;
				COPY_PHASE_STRIP = NO;
				DEBUG_INFORMATION_FORMAT = dwarf;
				ENABLE_STRICT_OBJC_MSGSEND = YES;
				ENABLE_TESTABILITY = YES;
				GCC_C_LANGUAGE_STANDARD = gnu11;
				GCC_DYNAMIC_NO_PIC = NO;
				GCC_NO_COMMON_BLOCKS = YES;
				GCC_OPTIMIZATION_LEVEL = 0;
				GCC_PREPROCESSOR_DEFINITIONS = (
					"DEBUG=1",
					"$(inherited)",
				);
				GCC_WARN_64_TO_32_BIT_CONVERSION = YES;
				GCC_WARN_ABOUT_RETURN_TYPE = YES_ERROR;
				GCC_WARN_UNDECLARED_SELECTOR = YES;
				GCC_WARN_UNINITIALIZED_AUTOS = YES_AGGRESSIVE;
				GCC_WARN_UNUSED_FUNCTION = YES;
				GCC_WARN_UNUSED_VARIABLE = YES;
				IPHONEOS_DEPLOYMENT_TARGET = 15.5;
				MTL_ENABLE_DEBUG_INFO = INCLUDE_SOURCE;
				MTL_FAST_MATH = YES;
				ONLY_ACTIVE_ARCH = YES;
				SDKROOT = iphoneos;
				SWIFT_ACTIVE_COMPILATION_CONDITIONS = DEBUG;
				SWIFT_OPTIMIZATION_LEVEL = "-Onone";
			};
			name = Debug;
		};
		6BEC66DA291527D400C19248 /* Release */ = {
			isa = XCBuildConfiguration;
			buildSettings = {
				ALWAYS_SEARCH_USER_PATHS = NO;
				CLANG_ANALYZER_NONNULL = YES;
				CLANG_ANALYZER_NUMBER_OBJECT_CONVERSION = YES_AGGRESSIVE;
				CLANG_CXX_LANGUAGE_STANDARD = "gnu++17";
				CLANG_ENABLE_MODULES = YES;
				CLANG_ENABLE_OBJC_ARC = YES;
				CLANG_ENABLE_OBJC_WEAK = YES;
				CLANG_WARN_BLOCK_CAPTURE_AUTORELEASING = YES;
				CLANG_WARN_BOOL_CONVERSION = YES;
				CLANG_WARN_COMMA = YES;
				CLANG_WARN_CONSTANT_CONVERSION = YES;
				CLANG_WARN_DEPRECATED_OBJC_IMPLEMENTATIONS = YES;
				CLANG_WARN_DIRECT_OBJC_ISA_USAGE = YES_ERROR;
				CLANG_WARN_DOCUMENTATION_COMMENTS = YES;
				CLANG_WARN_EMPTY_BODY = YES;
				CLANG_WARN_ENUM_CONVERSION = YES;
				CLANG_WARN_INFINITE_RECURSION = YES;
				CLANG_WARN_INT_CONVERSION = YES;
				CLANG_WARN_NON_LITERAL_NULL_CONVERSION = YES;
				CLANG_WARN_OBJC_IMPLICIT_RETAIN_SELF = YES;
				CLANG_WARN_OBJC_LITERAL_CONVERSION = YES;
				CLANG_WARN_OBJC_ROOT_CLASS = YES_ERROR;
				CLANG_WARN_QUOTED_INCLUDE_IN_FRAMEWORK_HEADER = YES;
				CLANG_WARN_RANGE_LOOP_ANALYSIS = YES;
				CLANG_WARN_STRICT_PROTOTYPES = YES;
				CLANG_WARN_SUSPICIOUS_MOVE = YES;
				CLANG_WARN_UNGUARDED_AVAILABILITY = YES_AGGRESSIVE;
				CLANG_WARN_UNREACHABLE_CODE = YES;
				CLANG_WARN__DUPLICATE_METHOD_MATCH = YES;
				COPY_PHASE_STRIP = NO;
				DEBUG_INFORMATION_FORMAT = "dwarf-with-dsym";
				ENABLE_NS_ASSERTIONS = NO;
				ENABLE_STRICT_OBJC_MSGSEND = YES;
				GCC_C_LANGUAGE_STANDARD = gnu11;
				GCC_NO_COMMON_BLOCKS = YES;
				GCC_WARN_64_TO_32_BIT_CONVERSION = YES;
				GCC_WARN_ABOUT_RETURN_TYPE = YES_ERROR;
				GCC_WARN_UNDECLARED_SELECTOR = YES;
				GCC_WARN_UNINITIALIZED_AUTOS = YES_AGGRESSIVE;
				GCC_WARN_UNUSED_FUNCTION = YES;
				GCC_WARN_UNUSED_VARIABLE = YES;
				IPHONEOS_DEPLOYMENT_TARGET = 15.5;
				MTL_ENABLE_DEBUG_INFO = NO;
				MTL_FAST_MATH = YES;
				SDKROOT = iphoneos;
				SWIFT_COMPILATION_MODE = wholemodule;
				SWIFT_OPTIMIZATION_LEVEL = "-O";
				VALIDATE_PRODUCT = YES;
			};
			name = Release;
		};
		6BEC66DC291527D400C19248 /* Debug */ = {
			isa = XCBuildConfiguration;
			buildSettings = {
				ASSETCATALOG_COMPILER_APPICON_NAME = AppIcon;
				ASSETCATALOG_COMPILER_GLOBAL_ACCENT_COLOR_NAME = AccentColor;
				CODE_SIGN_STYLE = Automatic;
				CURRENT_PROJECT_VERSION = 1;
				DEVELOPMENT_TEAM = HDZ2C7R44T;
				GENERATE_INFOPLIST_FILE = YES;
				INFOPLIST_KEY_NSCameraUsageDescription = "";
				INFOPLIST_KEY_UIApplicationSupportsIndirectInputEvents = YES;
				INFOPLIST_KEY_UILaunchStoryboardName = LaunchScreen;
				INFOPLIST_KEY_UIMainStoryboardFile = Main;
				INFOPLIST_KEY_UIRequiredDeviceCapabilities = arkit;
				INFOPLIST_KEY_UIStatusBarHidden = YES;
				INFOPLIST_KEY_UISupportedInterfaceOrientations_iPad = "UIInterfaceOrientationPortrait UIInterfaceOrientationPortraitUpsideDown UIInterfaceOrientationLandscapeLeft UIInterfaceOrientationLandscapeRight";
				INFOPLIST_KEY_UISupportedInterfaceOrientations_iPhone = "UIInterfaceOrientationPortrait UIInterfaceOrientationLandscapeLeft UIInterfaceOrientationLandscapeRight";
				LD_RUNPATH_SEARCH_PATHS = (
					"$(inherited)",
					"@executable_path/Frameworks",
				);
				MARKETING_VERSION = 1.0;
				PRODUCT_BUNDLE_IDENTIFIER = com.example.ARGame;
				PRODUCT_NAME = "$(TARGET_NAME)";
				SWIFT_EMIT_LOC_STRINGS = YES;
				SWIFT_VERSION = 5.0;
				TARGETED_DEVICE_FAMILY = "1,2";
			};
			name = Debug;
		};
		6BEC66DD291527D400C19248 /* Release */ = {
			isa = XCBuildConfiguration;
			buildSettings = {
				ASSETCATALOG_COMPILER_APPICON_NAME = AppIcon;
				ASSETCATALOG_COMPILER_GLOBAL_ACCENT_COLOR_NAME = AccentColor;
				CODE_SIGN_STYLE = Automatic;
				CURRENT_PROJECT_VERSION = 1;
				DEVELOPMENT_TEAM = HDZ2C7R44T;
				GENERATE_INFOPLIST_FILE = YES;
				INFOPLIST_KEY_NSCameraUsageDescription = "";
				INFOPLIST_KEY_UIApplicationSupportsIndirectInputEvents = YES;
				INFOPLIST_KEY_UILaunchStoryboardName = LaunchScreen;
				INFOPLIST_KEY_UIMainStoryboardFile = Main;
				INFOPLIST_KEY_UIRequiredDeviceCapabilities = arkit;
				INFOPLIST_KEY_UIStatusBarHidden = YES;
				INFOPLIST_KEY_UISupportedInterfaceOrientations_iPad = "UIInterfaceOrientationPortrait UIInterfaceOrientationPortraitUpsideDown UIInterfaceOrientationLandscapeLeft UIInterfaceOrientationLandscapeRight";
				INFOPLIST_KEY_UISupportedInterfaceOrientations_iPhone = "UIInterfaceOrientationPortrait UIInterfaceOrientationLandscapeLeft UIInterfaceOrientationLandscapeRight";
				LD_RUNPATH_SEARCH_PATHS = (
					"$(inherited)",
					"@executable_path/Frameworks",
				);
				MARKETING_VERSION = 1.0;
				PRODUCT_BUNDLE_IDENTIFIER = com.example.ARGame;
				PRODUCT_NAME = "$(TARGET_NAME)";
				SWIFT_EMIT_LOC_STRINGS = YES;
				SWIFT_VERSION = 5.0;
				TARGETED_DEVICE_FAMILY = "1,2";
			};
			name = Release;
		};
/* End XCBuildConfiguration section */

/* Begin XCConfigurationList section */
		6BEC66C3291527CF00C19248 /* Build configuration list for PBXProject "ARGame" */ = {
			isa = XCConfigurationList;
			buildConfigurations = (
				6BEC66D9291527D400C19248 /* Debug */,
				6BEC66DA291527D400C19248 /* Release */,
			);
			defaultConfigurationIsVisible = 0;
			defaultConfigurationName = Release;
		};
		6BEC66DB291527D400C19248 /* Build configuration list for PBXNativeTarget "ARGame" */ = {
			isa = XCConfigurationList;
			buildConfigurations = (
				6BEC66DC291527D400C19248 /* Debug */,
				6BEC66DD291527D400C19248 /* Release */,
			);
			defaultConfigurationIsVisible = 0;
			defaultConfigurationName = Release;
		};
/* End XCConfigurationList section */
	};
	rootObject = 6BEC66C0291527CF00C19248 /* Project object */;
}
